{
  "name": "pi-symbols",
  "version": "0.1.0",
  "lockfileVersion": 3,
  "requires": true,
  "packages": {
    "": {
      "name": "pi-symbols",
      "version": "0.1.0",
      "dependencies": {
        "@vscode/tree-sitter-wasm": "0.3.1",
        "tree-sitter-c": "0.24.1",
        "web-tree-sitter": "0.26.8"
      }
    },
    "node_modules/@vscode/tree-sitter-wasm": {
      "version": "0.3.1",
      "resolved": "https://registry.npmjs.org/@vscode/tree-sitter-wasm/-/tree-sitter-wasm-0.3.1.tgz",
      "integrity": "sha512-RJFoomET6FajjG511fmQxeBQfU6M24a0aFZPqpid+ttIxanWf1VGytBG0UmsGjt07qmIPJS8U31D+aecuCucsQ==",
      "license": "MIT"
    },
    "node_modules/node-addon-api": {
      "version": "8.7.0",
      "resolved": "https://registry.npmjs.org/node-addon-api/-/node-addon-api-8.7.0.tgz",
      "integrity": "sha512-9MdFxmkKaOYVTV+XVRG8ArDwwQ77XIgIPyKASB1k3JPq3M8fGQQQE3YpMOrKm6g//Ktx8ivZr8xo1Qmtqub+GA==",
      "license": "MIT",
      "engines": {
        "node": "^18 || ^20 || >= 21"
      }
    },
    "node_modules/node-gyp-build": {
      "version": "4.8.4",
      "resolved": "https://registry.npmjs.org/node-gyp-build/-/node-gyp-build-4.8.4.tgz",
      "integrity": "sha512-LA4ZjwlnUblHVgq0oBF3Jl/6h/Nvs5fzBLwdEF4nuxnFdsfajde4WfxtJr3CaiH+F6ewcIB/q4jQ4UzPyid+CQ==",
      "license": "MIT",
      "bin": {
        "node-gyp-build": "bin.js",
        "node-gyp-build-optional": "optional.js",
        "node-gyp-build-test": "build-test.js"
      }
    },
    "node_modules/tree-sitter-c": {
      "version": "0.24.1",
      "resolved": "https://registry.npmjs.org/tree-sitter-c/-/tree-sitter-c-0.24.1.tgz",
      "integrity": "sha512-lkYwWN3SRecpvaeqmFKkuPNR3ZbtnvHU+4XAEEkJdrp3JfSp2pBrhXOtvfsENUneye76g889Y0ddF2DM0gEDpA==",
      "hasInstallScript": true,
      "license": "MIT",
      "dependencies": {
        "node-addon-api": "^8.3.1",
        "node-gyp-build": "^4.8.4"
      },
      "peerDependencies": {
        "tree-sitter": "^0.22.4"
      },
      "peerDependenciesMeta": {
        "tree-sitter": {
          "optional": true
        }
      }
    },
    "node_modules/web-tree-sitter": {
      "version": "0.26.8",
      "resolved": "https://registry.npmjs.org/web-tree-sitter/-/web-tree-sitter-0.26.8.tgz",
      "integrity": "sha512-4sUwi7ZyOrIk5KLgYLkc2A/F0LFMQnBhfb+2Cdl7ik4ePJ6JD+fk4ofI2sA5eGawBKBaK4Vntt7Ww5KcEsay4A==",
      "license": "MIT"
    }
  }
}
